// !$*UTF8*$!
{
	archiveVersion = 1;
	classes = {
	};
	objectVersion = 46;
	objects = {

/* Begin PBXBuildFile section */
		174279881A8FB2C000C4B34F /* AppDelegate.swift in Sources */ = {isa = PBXBuildFile; fileRef = 174279871A8FB2C000C4B34F /* AppDelegate.swift */; };
		1742798A1A8FB2C000C4B34F /* ViewController.swift in Sources */ = {isa = PBXBuildFile; fileRef = 174279891A8FB2C000C4B34F /* ViewController.swift */; };
		1742798D1A8FB2C000C4B34F /* Main.storyboard in Resources */ = {isa = PBXBuildFile; fileRef = 1742798B1A8FB2C000C4B34F /* Main.storyboard */; };
		1742798F1A8FB2C000C4B34F /* Images.xcassets in Resources */ = {isa = PBXBuildFile; fileRef = 1742798E1A8FB2C000C4B34F /* Images.xcassets */; };
		174279921A8FB2C100C4B34F /* LaunchScreen.xib in Resources */ = {isa = PBXBuildFile; fileRef = 174279901A8FB2C100C4B34F /* LaunchScreen.xib */; };
		1742799E1A8FB2C100C4B34F /* BlackJackTests.swift in Sources */ = {isa = PBXBuildFile; fileRef = 1742799D1A8FB2C100C4B34F /* BlackJackTests.swift */; };
		178A197F1AA2A606008ADC27 /* Shoe.swift in Sources */ = {isa = PBXBuildFile; fileRef = 178A197E1AA2A606008ADC27 /* Shoe.swift */; };
		178A19811AA2ACA8008ADC27 /* Card.swift in Sources */ = {isa = PBXBuildFile; fileRef = 178A19801AA2ACA8008ADC27 /* Card.swift */; };
		178A19831AA2ACAE008ADC27 /* Deck.swift in Sources */ = {isa = PBXBuildFile; fileRef = 178A19821AA2ACAE008ADC27 /* Deck.swift */; };
		178A19851AA2ACB9008ADC27 /* Hand.swift in Sources */ = {isa = PBXBuildFile; fileRef = 178A19841AA2ACB9008ADC27 /* Hand.swift */; };
		178A19871AA2ACC5008ADC27 /* Player.swift in Sources */ = {isa = PBXBuildFile; fileRef = 178A19861AA2ACC5008ADC27 /* Player.swift */; };
		178A19891AA2B96A008ADC27 /* StartViewController.swift in Sources */ = {isa = PBXBuildFile; fileRef = 178A19881AA2B96A008ADC27 /* StartViewController.swift */; };
/* End PBXBuildFile section */

/* Begin PBXContainerItemProxy section */
		174279981A8FB2C100C4B34F /* PBXContainerItemProxy */ = {
			isa = PBXContainerItemProxy;
			containerPortal = 1742797A1A8FB2C000C4B34F /* Project object */;
			proxyType = 1;
			remoteGlobalIDString = 174279811A8FB2C000C4B34F;
			remoteInfo = BlackJack;
		};
/* End PBXContainerItemProxy section */

/* Begin PBXFileReference section */
		174279821A8FB2C000C4B34F /* BlackJack.app */ = {isa = PBXFileReference; explicitFileType = wrapper.application; includeInIndex = 0; path = BlackJack.app; sourceTree = BUILT_PRODUCTS_DIR; };
		174279861A8FB2C000C4B34F /* Info.plist */ = {isa = PBXFileReference; lastKnownFileType = text.plist.xml; path = Info.plist; sourceTree = "<group>"; };
		174279871A8FB2C000C4B34F /* AppDelegate.swift */ = {isa = PBXFileReference; lastKnownFileType = sourcecode.swift; path = AppDelegate.swift; sourceTree = "<group>"; };
		174279891A8FB2C000C4B34F /* ViewController.swift */ = {isa = PBXFileReference; lastKnownFileType = sourcecode.swift; path = ViewController.swift; sourceTree = "<group>"; };
		1742798C1A8FB2C000C4B34F /* Base */ = {isa = PBXFileReference; lastKnownFileType = file.storyboard; name = Base; path = Base.lproj/Main.storyboard; sourceTree = "<group>"; };
		1742798E1A8FB2C000C4B34F /* Images.xcassets */ = {isa = PBXFileReference; lastKnownFileType = folder.assetcatalog; path = Images.xcassets; sourceTree = "<group>"; };
		174279911A8FB2C100C4B34F /* Base */ = {isa = PBXFileReference; lastKnownFileType = file.xib; name = Base; path = Base.lproj/LaunchScreen.xib; sourceTree = "<group>"; };
		174279971A8FB2C100C4B34F /* BlackJackTests.xctest */ = {isa = PBXFileReference; explicitFileType = wrapper.cfbundle; includeInIndex = 0; path = BlackJackTests.xctest; sourceTree = BUILT_PRODUCTS_DIR; };
		1742799C1A8FB2C100C4B34F /* Info.plist */ = {isa = PBXFileReference; lastKnownFileType = text.plist.xml; path = Info.plist; sourceTree = "<group>"; };
		1742799D1A8FB2C100C4B34F /* BlackJackTests.swift */ = {isa = PBXFileReference; lastKnownFileType = sourcecode.swift; path = BlackJackTests.swift; sourceTree = "<group>"; };
		178A197E1AA2A606008ADC27 /* Shoe.swift */ = {isa = PBXFileReference; fileEncoding = 4; lastKnownFileType = sourcecode.swift; path = Shoe.swift; sourceTree = "<group>"; };
		178A19801AA2ACA8008ADC27 /* Card.swift */ = {isa = PBXFileReference; fileEncoding = 4; lastKnownFileType = sourcecode.swift; path = Card.swift; sourceTree = "<group>"; };
		178A19821AA2ACAE008ADC27 /* Deck.swift */ = {isa = PBXFileReference; fileEncoding = 4; lastKnownFileType = sourcecode.swift; path = Deck.swift; sourceTree = "<group>"; };
		178A19841AA2ACB9008ADC27 /* Hand.swift */ = {isa = PBXFileReference; fileEncoding = 4; lastKnownFileType = sourcecode.swift; path = Hand.swift; sourceTree = "<group>"; };
		178A19861AA2ACC5008ADC27 /* Player.swift */ = {isa = PBXFileReference; fileEncoding = 4; lastKnownFileType = sourcecode.swift; path = Player.swift; sourceTree = "<group>"; };
		178A19881AA2B96A008ADC27 /* StartViewController.swift */ = {isa = PBXFileReference; fileEncoding = 4; lastKnownFileType = sourcecode.swift; path = StartViewController.swift; sourceTree = "<group>"; };
/* End PBXFileReference section */

/* Begin PBXFrameworksBuildPhase section */
		1742797F1A8FB2C000C4B34F /* Frameworks */ = {
			isa = PBXFrameworksBuildPhase;
			buildActionMask = 2147483647;
			files = (
			);
			runOnlyForDeploymentPostprocessing = 0;
		};
		174279941A8FB2C100C4B34F /* Frameworks */ = {
			isa = PBXFrameworksBuildPhase;
			buildActionMask = 2147483647;
			files = (
			);
			runOnlyForDeploymentPostprocessing = 0;
		};
/* End PBXFrameworksBuildPhase section */

/* Begin PBXGroup section */
		174279791A8FB2C000C4B34F = {
			isa = PBXGroup;
			children = (
				174279841A8FB2C000C4B34F /* BlackJack */,
				1742799A1A8FB2C100C4B34F /* BlackJackTests */,
				174279831A8FB2C000C4B34F /* Products */,
			);
			sourceTree = "<group>";
		};
		174279831A8FB2C000C4B34F /* Products */ = {
			isa = PBXGroup;
			children = (
				174279821A8FB2C000C4B34F /* BlackJack.app */,
				174279971A8FB2C100C4B34F /* BlackJackTests.xctest */,
			);
			name = Products;
			sourceTree = "<group>";
		};
		174279841A8FB2C000C4B34F /* BlackJack */ = {
			isa = PBXGroup;
			children = (
				174279871A8FB2C000C4B34F /* AppDelegate.swift */,
				178A19801AA2ACA8008ADC27 /* Card.swift */,
				178A19821AA2ACAE008ADC27 /* Deck.swift */,
				178A197E1AA2A606008ADC27 /* Shoe.swift */,
				178A19841AA2ACB9008ADC27 /* Hand.swift */,
				178A19861AA2ACC5008ADC27 /* Player.swift */,
				174279891A8FB2C000C4B34F /* ViewController.swift */,
				178A19881AA2B96A008ADC27 /* StartViewController.swift */,
				1742798B1A8FB2C000C4B34F /* Main.storyboard */,
				1742798E1A8FB2C000C4B34F /* Images.xcassets */,
				174279901A8FB2C100C4B34F /* LaunchScreen.xib */,
				174279851A8FB2C000C4B34F /* Supporting Files */,
			);
			path = BlackJack;
			sourceTree = "<group>";
		};
		174279851A8FB2C000C4B34F /* Supporting Files */ = {
			isa = PBXGroup;
			children = (
				174279861A8FB2C000C4B34F /* Info.plist */,
			);
			name = "Supporting Files";
			sourceTree = "<group>";
		};
		1742799A1A8FB2C100C4B34F /* BlackJackTests */ = {
			isa = PBXGroup;
			children = (
				1742799D1A8FB2C100C4B34F /* BlackJackTests.swift */,
				1742799B1A8FB2C100C4B34F /* Supporting Files */,
			);
			path = BlackJackTests;
			sourceTree = "<group>";
		};
		1742799B1A8FB2C100C4B34F /* Supporting Files */ = {
			isa = PBXGroup;
			children = (
				1742799C1A8FB2C100C4B34F /* Info.plist */,
			);
			name = "Supporting Files";
			sourceTree = "<group>";
		};
/* End PBXGroup section */

/* Begin PBXNativeTarget section */
		174279811A8FB2C000C4B34F /* BlackJack */ = {
			isa = PBXNativeTarget;
			buildConfigurationList = 174279A11A8FB2C100C4B34F /* Build configuration list for PBXNativeTarget "BlackJack" */;
			buildPhases = (
				1742797E1A8FB2C000C4B34F /* Sources */,
				1742797F1A8FB2C000C4B34F /* Frameworks */,
				174279801A8FB2C000C4B34F /* Resources */,
			);
			buildRules = (
			);
			dependencies = (
			);
			name = BlackJack;
			productName = BlackJack;
			productReference = 174279821A8FB2C000C4B34F /* BlackJack.app */;
			productType = "com.apple.product-type.application";
		};
		174279961A8FB2C100C4B34F /* BlackJackTests */ = {
			isa = PBXNativeTarget;
			buildConfigurationList = 174279A41A8FB2C100C4B34F /* Build configuration list for PBXNativeTarget "BlackJackTests" */;
			buildPhases = (
				174279931A8FB2C100C4B34F /* Sources */,
				174279941A8FB2C100C4B34F /* Frameworks */,
				174279951A8FB2C100C4B34F /* Resources */,
			);
			buildRules = (
			);
			dependencies = (
				174279991A8FB2C100C4B34F /* PBXTargetDependency */,
			);
			name = BlackJackTests;
			productName = BlackJackTests;
			productReference = 174279971A8FB2C100C4B34F /* BlackJackTests.xctest */;
			productType = "com.apple.product-type.bundle.unit-test";
		};
/* End PBXNativeTarget section */

/* Begin PBXProject section */
		1742797A1A8FB2C000C4B34F /* Project object */ = {
			isa = PBXProject;
			attributes = {
				LastUpgradeCheck = 0610;
				ORGANIZATIONNAME = Rean;
				TargetAttributes = {
					174279811A8FB2C000C4B34F = {
						CreatedOnToolsVersion = 6.1.1;
					};
					174279961A8FB2C100C4B34F = {
						CreatedOnToolsVersion = 6.1.1;
						TestTargetID = 174279811A8FB2C000C4B34F;
					};
				};
			};
			buildConfigurationList = 1742797D1A8FB2C000C4B34F /* Build configuration list for PBXProject "BlackJack" */;
			compatibilityVersion = "Xcode 3.2";
			developmentRegion = English;
			hasScannedForEncodings = 0;
			knownRegions = (
				en,
				Base,
			);
			mainGroup = 174279791A8FB2C000C4B34F;
			productRefGroup = 174279831A8FB2C000C4B34F /* Products */;
			projectDirPath = "";
			projectRoot = "";
			targets = (
				174279811A8FB2C000C4B34F /* BlackJack */,
				174279961A8FB2C100C4B34F /* BlackJackTests */,
			);
		};
/* End PBXProject section */

/* Begin PBXResourcesBuildPhase section */
		174279801A8FB2C000C4B34F /* Resources */ = {
			isa = PBXResourcesBuildPhase;
			buildActionMask = 2147483647;
			files = (
				1742798D1A8FB2C000C4B34F /* Main.storyboard in Resources */,
				174279921A8FB2C100C4B34F /* LaunchScreen.xib in Resources */,
				1742798F1A8FB2C000C4B34F /* Images.xcassets in Resources */,
			);
			runOnlyForDeploymentPostprocessing = 0;
		};
		174279951A8FB2C100C4B34F /* Resources */ = {
			isa = PBXResourcesBuildPhase;
			buildActionMask = 2147483647;
			files = (
			);
			runOnlyForDeploymentPostprocessing = 0;
		};
/* End PBXResourcesBuildPhase section */

/* Begin PBXSourcesBuildPhase section */
		1742797E1A8FB2C000C4B34F /* Sources */ = {
			isa = PBXSourcesBuildPhase;
			buildActionMask = 2147483647;
			files = (
				178A197F1AA2A606008ADC27 /* Shoe.swift in Sources */,
				178A19891AA2B96A008ADC27 /* StartViewController.swift in Sources */,
				1742798A1A8FB2C000C4B34F /* ViewController.swift in Sources */,
				178A19851AA2ACB9008ADC27 /* Hand.swift in Sources */,
				178A19831AA2ACAE008ADC27 /* Deck.swift in Sources */,
				178A19871AA2ACC5008ADC27 /* Player.swift in Sources */,
				174279881A8FB2C000C4B34F /* AppDelegate.swift in Sources */,
				178A19811AA2ACA8008ADC27 /* Card.swift in Sources */,
			);
			runOnlyForDeploymentPostprocessing = 0;
		};
		174279931A8FB2C100C4B34F /* Sources */ = {
			isa = PBXSourcesBuildPhase;
			buildActionMask = 2147483647;
			files = (
				1742799E1A8FB2C100C4B34F /* BlackJackTests.swift in Sources */,
			);
			runOnlyForDeploymentPostprocessing = 0;
		};
/* End PBXSourcesBuildPhase section */

/* Begin PBXTargetDependency section */
		174279991A8FB2C100C4B34F /* PBXTargetDependency */ = {
			isa = PBXTargetDependency;
			target = 174279811A8FB2C000C4B34F /* BlackJack */;
			targetProxy = 174279981A8FB2C100C4B34F /* PBXContainerItemProxy */;
		};
/* End PBXTargetDependency section */

/* Begin PBXVariantGroup section */
		1742798B1A8FB2C000C4B34F /* Main.storyboard */ = {
			isa = PBXVariantGroup;
			children = (
				1742798C1A8FB2C000C4B34F /* Base */,
			);
			name = Main.storyboard;
			sourceTree = "<group>";
		};
		174279901A8FB2C100C4B34F /* LaunchScreen.xib */ = {
			isa = PBXVariantGroup;
			children = (
				174279911A8FB2C100C4B34F /* Base */,
			);
			name = LaunchScreen.xib;
			sourceTree = "<group>";
		};
/* End PBXVariantGroup section */

/* Begin XCBuildConfiguration section */
		1742799F1A8FB2C100C4B34F /* Debug */ = {
			isa = XCBuildConfiguration;
			buildSettings = {
				ALWAYS_SEARCH_USER_PATHS = NO;
				CLANG_CXX_LANGUAGE_STANDARD = "gnu++0x";
				CLANG_CXX_LIBRARY = "libc++";
				CLANG_ENABLE_MODULES = YES;
				CLANG_ENABLE_OBJC_ARC = YES;
				CLANG_WARN_BOOL_CONVERSION = YES;
				CLANG_WARN_CONSTANT_CONVERSION = YES;
				CLANG_WARN_DIRECT_OBJC_ISA_USAGE = YES_ERROR;
				CLANG_WARN_EMPTY_BODY = YES;
				CLANG_WARN_ENUM_CONVERSION = YES;
				CLANG_WARN_INT_CONVERSION = YES;
				CLANG_WARN_OBJC_ROOT_CLASS = YES_ERROR;
				CLANG_WARN_UNREACHABLE_CODE = YES;
				CLANG_WARN__DUPLICATE_METHOD_MATCH = YES;
				"CODE_SIGN_IDENTITY[sdk=iphoneos*]" = "iPhone Developer";
				COPY_PHASE_STRIP = NO;
				ENABLE_STRICT_OBJC_MSGSEND = YES;
				GCC_C_LANGUAGE_STANDARD = gnu99;
				GCC_DYNAMIC_NO_PIC = NO;
				GCC_OPTIMIZATION_LEVEL = 0;
				GCC_PREPROCESSOR_DEFINITIONS = (
					"DEBUG=1",
					"$(inherited)",
				);
				GCC_SYMBOLS_PRIVATE_EXTERN = NO;
				GCC_WARN_64_TO_32_BIT_CONVERSION = YES;
				GCC_WARN_ABOUT_RETURN_TYPE = YES_ERROR;
				GCC_WARN_UNDECLARED_SELECTOR = YES;
				GCC_WARN_UNINITIALIZED_AUTOS = YES_AGGRESSIVE;
				GCC_WARN_UNUSED_FUNCTION = YES;
				GCC_WARN_UNUSED_VARIABLE = YES;
				IPHONEOS_DEPLOYMENT_TARGET = 8.1;
				MTL_ENABLE_DEBUG_INFO = YES;
				ONLY_ACTIVE_ARCH = YES;
				SDKROOT = iphoneos;
				SWIFT_OPTIMIZATION_LEVEL = "-Onone";
			};
			name = Debug;
		};
		174279A01A8FB2C100C4B34F /* Release */ = {
			isa = XCBuildConfiguration;
			buildSettings = {
				ALWAYS_SEARCH_USER_PATHS = NO;
				CLANG_CXX_LANGUAGE_STANDARD = "gnu++0x";
				CLANG_CXX_LIBRARY = "libc++";
				CLANG_ENABLE_MODULES = YES;
				CLANG_ENABLE_OBJC_ARC = YES;
				CLANG_WARN_BOOL_CONVERSION = YES;
				CLANG_WARN_CONSTANT_CONVERSION = YES;
				CLANG_WARN_DIRECT_OBJC_ISA_USAGE = YES_ERROR;
				CLANG_WARN_EMPTY_BODY = YES;
				CLANG_WARN_ENUM_CONVERSION = YES;
				CLANG_WARN_INT_CONVERSION = YES;
				CLANG_WARN_OBJC_ROOT_CLASS = YES_ERROR;
				CLANG_WARN_UNREACHABLE_CODE = YES;
				CLANG_WARN__DUPLICATE_METHOD_MATCH = YES;
				"CODE_SIGN_IDENTITY[sdk=iphoneos*]" = "iPhone Developer";
				COPY_PHASE_STRIP = YES;
				ENABLE_NS_ASSERTIONS = NO;
				ENABLE_STRICT_OBJC_MSGSEND = YES;
				GCC_C_LANGUAGE_STANDARD = gnu99;
				GCC_WARN_64_TO_32_BIT_CONVERSION = YES;
				GCC_WARN_ABOUT_RETURN_TYPE = YES_ERROR;
				GCC_WARN_UNDECLARED_SELECTOR = YES;
				GCC_WARN_UNINITIALIZED_AUTOS = YES_AGGRESSIVE;
				GCC_WARN_UNUSED_FUNCTION = YES;
				GCC_WARN_UNUSED_VARIABLE = YES;
				IPHONEOS_DEPLOYMENT_TARGET = 8.1;
				MTL_ENABLE_DEBUG_INFO = NO;
				SDKROOT = iphoneos;
				VALIDATE_PRODUCT = YES;
			};
			name = Release;
		};
		174279A21A8FB2C100C4B34F /* Debug */ = {
			isa = XCBuildConfiguration;
			buildSettings = {
				ASSETCATALOG_COMPILER_APPICON_NAME = AppIcon;
				INFOPLIST_FILE = BlackJack/Info.plist;
				LD_RUNPATH_SEARCH_PATHS = "$(inherited) @executable_path/Frameworks";
				PRODUCT_NAME = "$(TARGET_NAME)";
			};
			name = Debug;
		};
		174279A31A8FB2C100C4B34F /* Release */ = {
			isa = XCBuildConfiguration;
			buildSettings = {
				ASSETCATALOG_COMPILER_APPICON_NAME = AppIcon;
				INFOPLIST_FILE = BlackJack/Info.plist;
				LD_RUNPATH_SEARCH_PATHS = "$(inherited) @executable_path/Frameworks";
				PRODUCT_NAME = "$(TARGET_NAME)";
			};
			name = Release;
		};
		174279A51A8FB2C100C4B34F /* Debug */ = {
			isa = XCBuildConfiguration;
			buildSettings = {
				BUNDLE_LOADER = "$(TEST_HOST)";
				FRAMEWORK_SEARCH_PATHS = (
					"$(SDKROOT)/Developer/Library/Frameworks",
					"$(inherited)",
				);
				GCC_PREPROCESSOR_DEFINITIONS = (
					"DEBUG=1",
					"$(inherited)",
				);
				INFOPLIST_FILE = BlackJackTests/Info.plist;
				LD_RUNPATH_SEARCH_PATHS = "$(inherited) @executable_path/Frameworks @loader_path/Frameworks";
				PRODUCT_NAME = "$(TARGET_NAME)";
				TEST_HOST = "$(BUILT_PRODUCTS_DIR)/BlackJack.app/BlackJack";
			};
			name = Debug;
		};
		174279A61A8FB2C100C4B34F /* Release */ = {
			isa = XCBuildConfiguration;
			buildSettings = {
				BUNDLE_LOADER = "$(TEST_HOST)";
				FRAMEWORK_SEARCH_PATHS = (
					"$(SDKROOT)/Developer/Library/Frameworks",
					"$(inherited)",
				);
				INFOPLIST_FILE = BlackJackTests/Info.plist;
				LD_RUNPATH_SEARCH_PATHS = "$(inherited) @executable_path/Frameworks @loader_path/Frameworks";
				PRODUCT_NAME = "$(TARGET_NAME)";
				TEST_HOST = "$(BUILT_PRODUCTS_DIR)/BlackJack.app/BlackJack";
			};
			name = Release;
		};
/* End XCBuildConfiguration section */

/* Begin XCConfigurationList section */
		1742797D1A8FB2C000C4B34F /* Build configuration list for PBXProject "BlackJack" */ = {
			isa = XCConfigurationList;
			buildConfigurations = (
				1742799F1A8FB2C100C4B34F /* Debug */,
				174279A01A8FB2C100C4B34F /* Release */,
			);
			defaultConfigurationIsVisible = 0;
			defaultConfigurationName = Release;
		};
		174279A11A8FB2C100C4B34F /* Build configuration list for PBXNativeTarget "BlackJack" */ = {
			isa = XCConfigurationList;
			buildConfigurations = (
				174279A21A8FB2C100C4B34F /* Debug */,
				174279A31A8FB2C100C4B34F /* Release */,
			);
			defaultConfigurationIsVisible = 0;
			defaultConfigurationName = Release;
		};
		174279A41A8FB2C100C4B34F /* Build configuration list for PBXNativeTarget "BlackJackTests" */ = {
			isa = XCConfigurationList;
			buildConfigurations = (
				174279A51A8FB2C100C4B34F /* Debug */,
				174279A61A8FB2C100C4B34F /* Release */,
			);
			defaultConfigurationIsVisible = 0;
			defaultConfigurationName = Release;
		};
/* End XCConfigurationList section */
	};
	rootObject = 1742797A1A8FB2C000C4B34F /* Project object */;
}
